<?xml version="1.0" encoding="UTF-8"?>
<CONFIG>
  <ProjectOptions>
    <Version Value="9"/>
    <General>
      <Flags>
        <LRSInOutputDirectory Value="False"/>
      </Flags>
      <MainUnit Value="0"/>
      <Title Value="EpikTimerDemo"/>
      <ActiveWindowIndexAtStart Value="0"/>
    </General>
    <BuildModes Count="1">
      <Item1 Name="default" Default="True"/>
    </BuildModes>
    <PublishOptions>
      <Version Value="2"/>
      <IgnoreBinaries Value="False"/>
      <IncludeFileFilter Value="*.(pas|pp|inc|lfm|ppr|lrs|lpi|lpk|sh|xml)"/>
      <ExcludeFileFilter Value="*.(bak|ppu|ppw|o|so);*~;backup"/>
    </PublishOptions>
    <RunParams>
      <local>
        <FormatVersion Value="1"/>
        <LaunchingApplication PathPlusParams="/usr/X11R6/bin/xterm -T 'Typhon Run Output' -e $(TyphonDir)/tools/runwait.sh $(TargetCmdLine)"/>
      </local>
    </RunParams>
    <RequiredPackages Count="2">
      <Item1>
        <PackageName Value="etpackage"/>
      </Item1>
      <Item2>
        <PackageName Value="LCL"/>
        <MinVersion Major="1" Valid="True"/>
      </Item2>
    </RequiredPackages>
    <Units Count="9">
      <Unit0>
        <Filename Value="EpikTimerDemo.lpr"/>
        <IsPartOfProject Value="True"/>
        <UnitName Value="EpikTimerDemo"/>
        <IsVisibleTab Value="True"/>
        <EditorIndex Value="0"/>
        <WindowIndex Value="0"/>
        <TopLine Value="1"/>
        <CursorPos X="36" Y="7"/>
        <UsageCount Value="25"/>
        <Loaded Value="True"/>
        <LoadedDesigner Value="True"/>
      </Unit0>
      <Unit1>
        <Filename Value="epiktimermain.pas"/>
        <IsPartOfProject Value="True"/>
        <ComponentName Value="Form1"/>
        <HasResources Value="True"/>
        <ResourceBaseClass Value="Form"/>
        <UnitName Value="EpikTimermain"/>
        <EditorIndex Value="3"/>
        <WindowIndex Value="0"/>
        <TopLine Value="212"/>
        <CursorPos X="26" Y="231"/>
        <UsageCount Value="20"/>
        <Loaded Value="True"/>
        <LoadedDesigner Value="True"/>
      </Unit1>
      <Unit2>
        <Filename Value="EpikTimer.pas"/>
        <IsPartOfProject Value="True"/>
        <UnitName Value="EpikTimer"/>
        <WindowIndex Value="0"/>
        <TopLine Value="550"/>
        <CursorPos X="1" Y="563"/>
        <UsageCount Value="20"/>
      </Unit2>
      <Unit3>
        <Filename Value="newsw.pas"/>
        <IsPartOfProject Value="True"/>
        <ComponentName Value="Form2"/>
        <HasResources Value="True"/>
        <ResourceBaseClass Value="Form"/>
        <UnitName Value="newsw"/>
        <EditorIndex Value="1"/>
        <WindowIndex Value="0"/>
        <TopLine Value="18"/>
        <CursorPos X="7" Y="6"/>
        <UsageCount Value="20"/>
        <Loaded Value="True"/>
        <LoadedDesigner Value="True"/>
      </Unit3>
      <Unit4>
        <Filename Value="splash.pas"/>
        <IsPartOfProject Value="True"/>
        <ComponentName Value="Form3"/>
        <HasResources Value="True"/>
        <ResourceBaseClass Value="Form"/>
        <UnitName Value="splash"/>
        <EditorIndex Value="2"/>
        <WindowIndex Value="0"/>
        <TopLine Value="1"/>
        <CursorPos X="8" Y="7"/>
        <UsageCount Value="20"/>
        <Loaded Value="True"/>
        <LoadedDesigner Value="True"/>
      </Unit4>
      <Unit5>
        <Filename Value="../../../../../Programas/lazarus_stable/fpcsrc/rtl/win32/windows.pp"/>
        <UnitName Value="windows"/>
        <TopLine Value="1"/>
        <CursorPos X="14" Y="8"/>
        <UsageCount Value="10"/>
      </Unit5>
      <Unit6>
        <Filename Value="etpackage.pas"/>
        <UnitName Value="etpackage"/>
        <TopLine Value="1"/>
        <CursorPos X="8" Y="1"/>
        <UsageCount Value="10"/>
      </Unit6>
      <Unit7>
        <Filename Value="home/felipe/Programaηγo/OsciloscopioISA/principal.pas"/>
        <ComponentName Value="frmPrincipal"/>
        <HasResources Value="True"/>
        <UnitName Value="principal"/>
        <TopLine Value="5"/>
        <CursorPos X="3" Y="21"/>
        <UsageCount Value="10"/>
      </Unit7>
      <Unit8>
        <Filename Value="usr/share/fpcsrc/rtl/unix/linuxold.inc"/>
        <TopLine Value="1478"/>
        <CursorPos X="12" Y="1495"/>
        <UsageCount Value="10"/>
      </Unit8>
    </Units>
    <JumpHistory Count="1" HistoryIndex="0">
      <Position1>
        <Filename Value="EpikTimerDemo.lpr"/>
        <Caret Line="3" Column="10" TopLine="1"/>
      </Position1>
    </JumpHistory>
  </ProjectOptions>
  <CompilerOptions>
    <Version Value="11"/>
    <SearchPaths>
      <UnitOutputDirectory Value="../xbin"/>
      <SrcPath Value="$(TyphonDir)/lcl;$(TyphonDir)/lcl/interfaces/$(LCLWidgetType)"/>
    </SearchPaths>
    <Parsing>
      <SyntaxOptions>
        <UseAnsiStrings Value="False"/>
      </SyntaxOptions>
    </Parsing>
    <Linking>
      <Options>
        <Win32>
          <GraphicApplication Value="True"/>
        </Win32>
      </Options>
    </Linking>
    <Other>
      <CompilerMessages>
        <UseMsgFile Value="True"/>
      </CompilerMessages>
      <CompilerPath Value="$(CompPath)"/>
    </Other>
  </CompilerOptions>
  <EditorMacros Count="0"/>
</CONFIG>
