<?xml version="1.0" encoding="UTF-8"?>
<CONFIG>
  <ProjectOptions>
    <Version Value="10"/>
    <PathDelim Value="\"/>
    <General>
      <Flags>
        <LRSInOutputDirectory Value="False"/>
      </Flags>
      <MainUnit Value="0"/>
      <Title Value="cmdbox2"/>
      <Icon Value="0"/>
    </General>
    <VersionInfo>
      <Language Value=""/>
      <CharSet Value=""/>
    </VersionInfo>
    <BuildModes Count="1">
      <Item1 Name="default" Default="True"/>
    </BuildModes>
    <PublishOptions>
      <Version Value="2"/>
      <IgnoreBinaries Value="False"/>
      <IncludeFileFilter Value="*.(pas|pp|inc|lfm|ppr|lrs|lpi|lpk|sh|xml)"/>
      <ExcludeFileFilter Value="*.(bak|ppu|ppw|o|so);*~;backup"/>
    </PublishOptions>
    <RunParams>
      <local>
        <FormatVersion Value="1"/>
        <LaunchingApplication PathPlusParams="\usr\X11R6\bin\xterm -T 'Typhon Run Output' -e $(TyphonDir)\tools\runwait.sh $(TargetCmdLine)"/>
      </local>
    </RunParams>
    <RequiredPackages Count="2">
      <Item1>
        <PackageName Value="etpackage"/>
      </Item1>
      <Item2>
        <PackageName Value="LCL"/>
      </Item2>
    </RequiredPackages>
    <Units Count="9">
      <Unit0>
        <Filename Value="cmdbox2.lpr"/>
        <IsPartOfProject Value="True"/>
        <EditorIndex Value="1"/>
        <CursorPos X="12" Y="11"/>
        <UsageCount Value="155"/>
        <Loaded Value="True"/>
        <LoadedDesigner Value="True"/>
      </Unit0>
      <Unit1>
        <Filename Value="cmdbox2mw.pas"/>
        <IsPartOfProject Value="True"/>
        <ComponentName Value="WMainForm"/>
        <HasResources Value="True"/>
        <ResourceBaseClass Value="Form"/>
        <IsVisibleTab Value="True"/>
        <CursorPos X="60" Y="18"/>
        <UsageCount Value="155"/>
        <Loaded Value="True"/>
        <LoadedDesigner Value="True"/>
      </Unit1>
      <Unit2>
        <Filename Value="..\ucmdline.pas"/>
        <TopLine Value="146"/>
        <CursorPos X="48" Y="1083"/>
        <UsageCount Value="4"/>
      </Unit2>
      <Unit3>
        <Filename Value="wnmainform.frm"/>
        <SyntaxHighlighter Value="FRM"/>
        <UsageCount Value="46"/>
      </Unit3>
      <Unit4>
        <Filename Value="tcmdbox.lrs"/>
        <CursorPos X="17"/>
        <UsageCount Value="13"/>
      </Unit4>
      <Unit5>
        <Filename Value="ucmdline.pas"/>
        <CursorPos X="8" Y="30"/>
        <UsageCount Value="30"/>
      </Unit5>
      <Unit6>
        <Filename Value="..\uflowcharteditor.pas"/>
        <TopLine Value="1015"/>
        <CursorPos X="25" Y="1039"/>
        <UsageCount Value="16"/>
      </Unit6>
      <Unit7>
        <Filename Value="ucmdbox.pas"/>
        <UnitName Value="uCmdBox"/>
        <CursorPos X="14" Y="36"/>
        <UsageCount Value="51"/>
      </Unit7>
      <Unit8>
        <Filename Value="..\..\lcl\include\application.inc"/>
        <TopLine Value="91"/>
        <CursorPos X="7" Y="128"/>
        <UsageCount Value="10"/>
      </Unit8>
    </Units>
    <JumpHistory HistoryIndex="-1"/>
  </ProjectOptions>
  <CompilerOptions>
    <Version Value="11"/>
    <PathDelim Value="\"/>
    <SearchPaths>
      <UnitOutputDirectory Value="..\xbin"/>
    </SearchPaths>
    <Parsing>
      <SyntaxOptions>
        <UseAnsiStrings Value="False"/>
      </SyntaxOptions>
    </Parsing>
    <CodeGeneration>
      <Checks>
        <IOChecks Value="True"/>
        <RangeChecks Value="True"/>
        <OverflowChecks Value="True"/>
        <StackChecks Value="True"/>
      </Checks>
      <VerifyObjMethodCallValidity Value="True"/>
    </CodeGeneration>
    <Linking>
      <Debugging>
        <StripSymbols Value="True"/>
      </Debugging>
      <LinkSmart Value="True"/>
      <Options>
        <Win32>
          <GraphicApplication Value="True"/>
        </Win32>
      </Options>
    </Linking>
  </CompilerOptions>
  <Debugging>
    <Exceptions Count="2">
      <Item1>
        <Name Value="ECodetoolError"/>
      </Item1>
      <Item2>
        <Name Value="EFOpenError"/>
      </Item2>
    </Exceptions>
  </Debugging>
</CONFIG>
